// !$*UTF8*$!
{
	archiveVersion = 1;
	classes = {
	};
	objectVersion = 50;
	objects = {

/* Begin PBXBuildFile section */
		BC2CF34A25CDCAF1002F4C0A /* AppDelegate.swift in Sources */ = {isa = PBXBuildFile; fileRef = BC2CF34925CDCAF1002F4C0A /* AppDelegate.swift */; };
		BC2CF34C25CDCAF1002F4C0A /* GameScene.sks in Resources */ = {isa = PBXBuildFile; fileRef = BC2CF34B25CDCAF1002F4C0A /* GameScene.sks */; };
		BC2CF34E25CDCAF1002F4C0A /* Actions.sks in Resources */ = {isa = PBXBuildFile; fileRef = BC2CF34D25CDCAF1002F4C0A /* Actions.sks */; };
		BC2CF35025CDCAF1002F4C0A /* GameScene.swift in Sources */ = {isa = PBXBuildFile; fileRef = BC2CF34F25CDCAF1002F4C0A /* GameScene.swift */; };
		BC2CF35225CDCAF1002F4C0A /* GameViewController.swift in Sources */ = {isa = PBXBuildFile; fileRef = BC2CF35125CDCAF1002F4C0A /* GameViewController.swift */; };
		BC2CF35525CDCAF1002F4C0A /* Main.storyboard in Resources */ = {isa = PBXBuildFile; fileRef = BC2CF35325CDCAF1002F4C0A /* Main.storyboard */; };
		BC2CF35725CDCAF2002F4C0A /* Assets.xcassets in Resources */ = {isa = PBXBuildFile; fileRef = BC2CF35625CDCAF2002F4C0A /* Assets.xcassets */; };
/* End PBXBuildFile section */

/* Begin PBXFileReference section */
		BC2CF34625CDCAF1002F4C0A /* ICE 2.app */ = {isa = PBXFileReference; explicitFileType = wrapper.application; includeInIndex = 0; path = "ICE 2.app"; sourceTree = BUILT_PRODUCTS_DIR; };
		BC2CF34925CDCAF1002F4C0A /* AppDelegate.swift */ = {isa = PBXFileReference; lastKnownFileType = sourcecode.swift; path = AppDelegate.swift; sourceTree = "<group>"; };
		BC2CF34B25CDCAF1002F4C0A /* GameScene.sks */ = {isa = PBXFileReference; lastKnownFileType = file.sks; path = GameScene.sks; sourceTree = "<group>"; };
		BC2CF34D25CDCAF1002F4C0A /* Actions.sks */ = {isa = PBXFileReference; lastKnownFileType = file.sks; path = Actions.sks; sourceTree = "<group>"; };
		BC2CF34F25CDCAF1002F4C0A /* GameScene.swift */ = {isa = PBXFileReference; lastKnownFileType = sourcecode.swift; path = GameScene.swift; sourceTree = "<group>"; };
		BC2CF35125CDCAF1002F4C0A /* GameViewController.swift */ = {isa = PBXFileReference; lastKnownFileType = sourcecode.swift; path = GameViewController.swift; sourceTree = "<group>"; };
		BC2CF35425CDCAF1002F4C0A /* Base */ = {isa = PBXFileReference; lastKnownFileType = file.storyboard; name = Base; path = Base.lproj/Main.storyboard; sourceTree = "<group>"; };
		BC2CF35625CDCAF2002F4C0A /* Assets.xcassets */ = {isa = PBXFileReference; lastKnownFileType = folder.assetcatalog; path = Assets.xcassets; sourceTree = "<group>"; };
		BC2CF35825CDCAF2002F4C0A /* Info.plist */ = {isa = PBXFileReference; lastKnownFileType = text.plist.xml; path = Info.plist; sourceTree = "<group>"; };
/* End PBXFileReference section */

/* Begin PBXFrameworksBuildPhase section */
		BC2CF34325CDCAF1002F4C0A /* Frameworks */ = {
			isa = PBXFrameworksBuildPhase;
			buildActionMask = 2147483647;
			files = (
			);
			runOnlyForDeploymentPostprocessing = 0;
		};
/* End PBXFrameworksBuildPhase section */

/* Begin PBXGroup section */
		BC2CF33D25CDCAF1002F4C0A = {
			isa = PBXGroup;
			children = (
				BC2CF34825CDCAF1002F4C0A /* ICE 2 */,
				BC2CF34725CDCAF1002F4C0A /* Products */,
			);
			sourceTree = "<group>";
		};
		BC2CF34725CDCAF1002F4C0A /* Products */ = {
			isa = PBXGroup;
			children = (
				BC2CF34625CDCAF1002F4C0A /* ICE 2.app */,
			);
			name = Products;
			sourceTree = "<group>";
		};
		BC2CF34825CDCAF1002F4C0A /* ICE 2 */ = {
			isa = PBXGroup;
			children = (
				BC2CF34925CDCAF1002F4C0A /* AppDelegate.swift */,
				BC2CF34B25CDCAF1002F4C0A /* GameScene.sks */,
				BC2CF34D25CDCAF1002F4C0A /* Actions.sks */,
				BC2CF34F25CDCAF1002F4C0A /* GameScene.swift */,
				BC2CF35125CDCAF1002F4C0A /* GameViewController.swift */,
				BC2CF35325CDCAF1002F4C0A /* Main.storyboard */,
				BC2CF35625CDCAF2002F4C0A /* Assets.xcassets */,
				BC2CF35825CDCAF2002F4C0A /* Info.plist */,
			);
			path = "ICE 2";
			sourceTree = "<group>";
		};
/* End PBXGroup section */

/* Begin PBXNativeTarget section */
		BC2CF34525CDCAF1002F4C0A /* ICE 2 */ = {
			isa = PBXNativeTarget;
			buildConfigurationList = BC2CF35B25CDCAF2002F4C0A /* Build configuration list for PBXNativeTarget "ICE 2" */;
			buildPhases = (
				BC2CF34225CDCAF1002F4C0A /* Sources */,
				BC2CF34325CDCAF1002F4C0A /* Frameworks */,
				BC2CF34425CDCAF1002F4C0A /* Resources */,
			);
			buildRules = (
			);
			dependencies = (
			);
			name = "ICE 2";
			productName = "ICE 2";
			productReference = BC2CF34625CDCAF1002F4C0A /* ICE 2.app */;
			productType = "com.apple.product-type.application";
		};
/* End PBXNativeTarget section */

/* Begin PBXProject section */
		BC2CF33E25CDCAF1002F4C0A /* Project object */ = {
			isa = PBXProject;
			attributes = {
				LastSwiftUpdateCheck = 1240;
				LastUpgradeCheck = 1240;
				TargetAttributes = {
					BC2CF34525CDCAF1002F4C0A = {
						CreatedOnToolsVersion = 12.4;
					};
				};
			};
			buildConfigurationList = BC2CF34125CDCAF1002F4C0A /* Build configuration list for PBXProject "ICE 2" */;
			compatibilityVersion = "Xcode 9.3";
			developmentRegion = en;
			hasScannedForEncodings = 0;
			knownRegions = (
				en,
				Base,
			);
			mainGroup = BC2CF33D25CDCAF1002F4C0A;
			productRefGroup = BC2CF34725CDCAF1002F4C0A /* Products */;
			projectDirPath = "";
			projectRoot = "";
			targets = (
				BC2CF34525CDCAF1002F4C0A /* ICE 2 */,
			);
		};
/* End PBXProject section */

/* Begin PBXResourcesBuildPhase section */
		BC2CF34425CDCAF1002F4C0A /* Resources */ = {
			isa = PBXResourcesBuildPhase;
			buildActionMask = 2147483647;
			files = (
				BC2CF35525CDCAF1002F4C0A /* Main.storyboard in Resources */,
				BC2CF34C25CDCAF1002F4C0A /* GameScene.sks in Resources */,
				BC2CF35725CDCAF2002F4C0A /* Assets.xcassets in Resources */,
				BC2CF34E25CDCAF1002F4C0A /* Actions.sks in Resources */,
			);
			runOnlyForDeploymentPostprocessing = 0;
		};
/* End PBXResourcesBuildPhase section */

/* Begin PBXSourcesBuildPhase section */
		BC2CF34225CDCAF1002F4C0A /* Sources */ = {
			isa = PBXSourcesBuildPhase;
			buildActionMask = 2147483647;
			files = (
				BC2CF35025CDCAF1002F4C0A /* GameScene.swift in Sources */,
				BC2CF35225CDCAF1002F4C0A /* GameViewController.swift in Sources */,
				BC2CF34A25CDCAF1002F4C0A /* AppDelegate.swift in Sources */,
			);
			runOnlyForDeploymentPostprocessing = 0;
		};
/* End PBXSourcesBuildPhase section */

/* Begin PBXVariantGroup section */
		BC2CF35325CDCAF1002F4C0A /* Main.storyboard */ = {
			isa = PBXVariantGroup;
			children = (
				BC2CF35425CDCAF1002F4C0A /* Base */,
			);
			name = Main.storyboard;
			sourceTree = "<group>";
		};
/* End PBXVariantGroup section */

/* Begin XCBuildConfiguration section */
		BC2CF35925CDCAF2002F4C0A /* Debug */ = {
			isa = XCBuildConfiguration;
			buildSettings = {
				ALWAYS_SEARCH_USER_PATHS = NO;
				CLANG_ANALYZER_NONNULL = YES;
				CLANG_ANALYZER_NUMBER_OBJECT_CONVERSION = YES_AGGRESSIVE;
				CLANG_CXX_LANGUAGE_STANDARD = "gnu++14";
				CLANG_CXX_LIBRARY = "libc++";
				CLANG_ENABLE_MODULES = YES;
				CLANG_ENABLE_OBJC_ARC = YES;
				CLANG_ENABLE_OBJC_WEAK = YES;
				CLANG_WARN_BLOCK_CAPTURE_AUTORELEASING = YES;
				CLANG_WARN_BOOL_CONVERSION = YES;
				CLANG_WARN_COMMA = YES;
				CLANG_WARN_CONSTANT_CONVERSION = YES;
				CLANG_WARN_DEPRECATED_OBJC_IMPLEMENTATIONS = YES;
				CLANG_WARN_DIRECT_OBJC_ISA_USAGE = YES_ERROR;
				CLANG_WARN_DOCUMENTATION_COMMENTS = YES;
				CLANG_WARN_EMPTY_BODY = YES;
				CLANG_WARN_ENUM_CONVERSION = YES;
				CLANG_WARN_INFINITE_RECURSION = YES;
				CLANG_WARN_INT_CONVERSION = YES;
				CLANG_WARN_NON_LITERAL_NULL_CONVERSION = YES;
				CLANG_WARN_OBJC_IMPLICIT_RETAIN_SELF = YES;
				CLANG_WARN_OBJC_LITERAL_CONVERSION = YES;
				CLANG_WARN_OBJC_ROOT_CLASS = YES_ERROR;
				CLANG_WARN_QUOTED_INCLUDE_IN_FRAMEWORK_HEADER = YES;
				CLANG_WARN_RANGE_LOOP_ANALYSIS = YES;
				CLANG_WARN_STRICT_PROTOTYPES = YES;
				CLANG_WARN_SUSPICIOUS_MOVE = YES;
				CLANG_WARN_UNGUARDED_AVAILABILITY = YES_AGGRESSIVE;
				CLANG_WARN_UNREACHABLE_CODE = YES;
				CLANG_WARN__DUPLICATE_METHOD_MATCH = YES;
				COPY_PHASE_STRIP = NO;
				DEBUG_INFORMATION_FORMAT = dwarf;
				ENABLE_STRICT_OBJC_MSGSEND = YES;
				ENABLE_TESTABILITY = YES;
				GCC_C_LANGUAGE_STANDARD = gnu11;
				GCC_DYNAMIC_NO_PIC = NO;
				GCC_NO_COMMON_BLOCKS = YES;
				GCC_OPTIMIZATION_LEVEL = 0;
				GCC_PREPROCESSOR_DEFINITIONS = (
					"DEBUG=1",
					"$(inherited)",
				);
				GCC_WARN_64_TO_32_BIT_CONVERSION = YES;
				GCC_WARN_ABOUT_RETURN_TYPE = YES_ERROR;
				GCC_WARN_UNDECLARED_SELECTOR = YES;
				GCC_WARN_UNINITIALIZED_AUTOS = YES_AGGRESSIVE;
				GCC_WARN_UNUSED_FUNCTION = YES;
				GCC_WARN_UNUSED_VARIABLE = YES;
				IPHONEOS_DEPLOYMENT_TARGET = 14.4;
				MTL_ENABLE_DEBUG_INFO = INCLUDE_SOURCE;
				MTL_FAST_MATH = YES;
				ONLY_ACTIVE_ARCH = YES;
				SDKROOT = iphoneos;
				SWIFT_ACTIVE_COMPILATION_CONDITIONS = DEBUG;
				SWIFT_OPTIMIZATION_LEVEL = "-Onone";
			};
			name = Debug;
		};
		BC2CF35A25CDCAF2002F4C0A /* Release */ = {
			isa = XCBuildConfiguration;
			buildSettings = {
				ALWAYS_SEARCH_USER_PATHS = NO;
				CLANG_ANALYZER_NONNULL = YES;
				CLANG_ANALYZER_NUMBER_OBJECT_CONVERSION = YES_AGGRESSIVE;
				CLANG_CXX_LANGUAGE_STANDARD = "gnu++14";
				CLANG_CXX_LIBRARY = "libc++";
				CLANG_ENABLE_MODULES = YES;
				CLANG_ENABLE_OBJC_ARC = YES;
				CLANG_ENABLE_OBJC_WEAK = YES;
				CLANG_WARN_BLOCK_CAPTURE_AUTORELEASING = YES;
				CLANG_WARN_BOOL_CONVERSION = YES;
				CLANG_WARN_COMMA = YES;
				CLANG_WARN_CONSTANT_CONVERSION = YES;
				CLANG_WARN_DEPRECATED_OBJC_IMPLEMENTATIONS = YES;
				CLANG_WARN_DIRECT_OBJC_ISA_USAGE = YES_ERROR;
				CLANG_WARN_DOCUMENTATION_COMMENTS = YES;
				CLANG_WARN_EMPTY_BODY = YES;
				CLANG_WARN_ENUM_CONVERSION = YES;
				CLANG_WARN_INFINITE_RECURSION = YES;
				CLANG_WARN_INT_CONVERSION = YES;
				CLANG_WARN_NON_LITERAL_NULL_CONVERSION = YES;
				CLANG_WARN_OBJC_IMPLICIT_RETAIN_SELF = YES;
				CLANG_WARN_OBJC_LITERAL_CONVERSION = YES;
				CLANG_WARN_OBJC_ROOT_CLASS = YES_ERROR;
				CLANG_WARN_QUOTED_INCLUDE_IN_FRAMEWORK_HEADER = YES;
				CLANG_WARN_RANGE_LOOP_ANALYSIS = YES;
				CLANG_WARN_STRICT_PROTOTYPES = YES;
				CLANG_WARN_SUSPICIOUS_MOVE = YES;
				CLANG_WARN_UNGUARDED_AVAILABILITY = YES_AGGRESSIVE;
				CLANG_WARN_UNREACHABLE_CODE = YES;
				CLANG_WARN__DUPLICATE_METHOD_MATCH = YES;
				COPY_PHASE_STRIP = NO;
				DEBUG_INFORMATION_FORMAT = "dwarf-with-dsym";
				ENABLE_NS_ASSERTIONS = NO;
				ENABLE_STRICT_OBJC_MSGSEND = YES;
				GCC_C_LANGUAGE_STANDARD = gnu11;
				GCC_NO_COMMON_BLOCKS = YES;
				GCC_WARN_64_TO_32_BIT_CONVERSION = YES;
				GCC_WARN_ABOUT_RETURN_TYPE = YES_ERROR;
				GCC_WARN_UNDECLARED_SELECTOR = YES;
				GCC_WARN_UNINITIALIZED_AUTOS = YES_AGGRESSIVE;
				GCC_WARN_UNUSED_FUNCTION = YES;
				GCC_WARN_UNUSED_VARIABLE = YES;
				IPHONEOS_DEPLOYMENT_TARGET = 14.4;
				MTL_ENABLE_DEBUG_INFO = NO;
				MTL_FAST_MATH = YES;
				SDKROOT = iphoneos;
				SWIFT_COMPILATION_MODE = wholemodule;
				SWIFT_OPTIMIZATION_LEVEL = "-O";
				VALIDATE_PRODUCT = YES;
			};
			name = Release;
		};
		BC2CF35C25CDCAF2002F4C0A /* Debug */ = {
			isa = XCBuildConfiguration;
			buildSettings = {
				ASSETCATALOG_COMPILER_APPICON_NAME = AppIcon;
				ASSETCATALOG_COMPILER_GLOBAL_ACCENT_COLOR_NAME = AccentColor;
				CODE_SIGN_STYLE = Automatic;
				INFOPLIST_FILE = "ICE 2/Info.plist";
				LD_RUNPATH_SEARCH_PATHS = (
					"$(inherited)",
					"@executable_path/Frameworks",
				);
				PRODUCT_BUNDLE_IDENTIFIER = "Abdeali-Mody.ICE-2";
				PRODUCT_NAME = "$(TARGET_NAME)";
				SWIFT_VERSION = 5.0;
				TARGETED_DEVICE_FAMILY = "1,2";
			};
			name = Debug;
		};
		BC2CF35D25CDCAF2002F4C0A /* Release */ = {
			isa = XCBuildConfiguration;
			buildSettings = {
				ASSETCATALOG_COMPILER_APPICON_NAME = AppIcon;
				ASSETCATALOG_COMPILER_GLOBAL_ACCENT_COLOR_NAME = AccentColor;
				CODE_SIGN_STYLE = Automatic;
				INFOPLIST_FILE = "ICE 2/Info.plist";
				LD_RUNPATH_SEARCH_PATHS = (
					"$(inherited)",
					"@executable_path/Frameworks",
				);
				PRODUCT_BUNDLE_IDENTIFIER = "Abdeali-Mody.ICE-2";
				PRODUCT_NAME = "$(TARGET_NAME)";
				SWIFT_VERSION = 5.0;
				TARGETED_DEVICE_FAMILY = "1,2";
			};
			name = Release;
		};
/* End XCBuildConfiguration section */

/* Begin XCConfigurationList section */
		BC2CF34125CDCAF1002F4C0A /* Build configuration list for PBXProject "ICE 2" */ = {
			isa = XCConfigurationList;
			buildConfigurations = (
				BC2CF35925CDCAF2002F4C0A /* Debug */,
				BC2CF35A25CDCAF2002F4C0A /* Release */,
			);
			defaultConfigurationIsVisible = 0;
			defaultConfigurationName = Release;
		};
		BC2CF35B25CDCAF2002F4C0A /* Build configuration list for PBXNativeTarget "ICE 2" */ = {
			isa = XCConfigurationList;
			buildConfigurations = (
				BC2CF35C25CDCAF2002F4C0A /* Debug */,
				BC2CF35D25CDCAF2002F4C0A /* Release */,
			);
			defaultConfigurationIsVisible = 0;
			defaultConfigurationName = Release;
		};
/* End XCConfigurationList section */
	};
	rootObject = BC2CF33E25CDCAF1002F4C0A /* Project object */;
}
